
Microsoft Visual Studio Solution File, Format Version 12.00
# Visual Studio Version 17
VisualStudioVersion = 17.5.002.0
MinimumVisualStudioVersion = 10.0.40219.1
Project("{9A19103F-16F7-4668-BE54-9A1E7A4F7556}") = "SIMS_Frontend", "SIMS_Frontend.csproj", "{4497C9E9-256E-4753-A868-A008716EBA6D}"
EndProject
Global
	GlobalSection(SolutionConfigurationPlatforms) = preSolution
		Debug|Any CPU = Debug|Any CPU
		Release|Any CPU = Release|Any CPU
	EndGlobalSection
	GlobalSection(ProjectConfigurationPlatforms) = postSolution
		{4497C9E9-256E-4753-A868-A008716EBA6D}.Debug|Any CPU.ActiveCfg = Debug|Any CPU
		{4497C9E9-256E-4753-A868-A008716EBA6D}.Debug|Any CPU.Build.0 = Debug|Any CPU
		{4497C9E9-256E-4753-A868-A008716EBA6D}.Release|Any CPU.ActiveCfg = Release|Any CPU
		{4497C9E9-256E-4753-A868-A008716EBA6D}.Release|Any CPU.Build.0 = Release|Any CPU
	EndGlobalSection
	GlobalSection(SolutionProperties) = preSolution
		HideSolutionNode = FALSE
	EndGlobalSection
	GlobalSection(ExtensibilityGlobals) = postSolution
		SolutionGuid = {70847D95-A794-4FCD-A95B-5F04D82620F1}
	EndGlobalSection
EndGlobal
